dependencies:
  '@vaadin/vaadin-element-mixin': 2.2.0
  '@vaadin/vaadin-shrinkwrap': 15.0.4
lockfileVersion: 5.1
packages:
  /@polymer/iron-a11y-announcer/3.0.2:
    dependencies:
      '@polymer/polymer': 3.3.1
    dev: false
    resolution:
      integrity: sha512-LqnMF39mXyxSSRbTHRzGbcJS8nU0NVTo2raBOgOlpxw5yfGJUVcwaTJ/qy5NtWCZLRfa4suycf0oAkuUjHTXHQ==
  /@polymer/iron-a11y-keys-behavior/3.0.1:
    dependencies:
      '@polymer/polymer': 3.3.1
    dev: false
    resolution:
      integrity: sha512-lnrjKq3ysbBPT/74l0Fj0U9H9C35Tpw2C/tpJ8a+5g8Y3YJs1WSZYnEl1yOkw6sEyaxOq/1DkzH0+60gGu5/PQ==
  /@polymer/iron-fit-behavior/3.0.2:
    dependencies:
      '@polymer/polymer': 3.3.1
    dev: false
    resolution:
      integrity: sha512-JndryJYbBR3gSN5IlST4rCHsd01+OyvYpRO6z5Zd3C6u5V/m07TwAtcf3aXwZ8WBNt2eLG28OcvdSO7XR2v2pg==
  /@polymer/iron-flex-layout/3.0.1:
    dependencies:
      '@polymer/polymer': 3.3.1
    dev: false
    resolution:
      integrity: sha512-7gB869czArF+HZcPTVSgvA7tXYFze9EKckvM95NB7SqYF+NnsQyhoXgKnpFwGyo95lUjUW9TFDLUwDXnCYFtkw==
  /@polymer/iron-icon/3.0.1:
    dependencies:
      '@polymer/iron-flex-layout': 3.0.1
      '@polymer/iron-meta': 3.0.1
      '@polymer/polymer': 3.3.1
    dev: false
    resolution:
      integrity: sha512-QLPwirk+UPZNaLnMew9VludXA4CWUCenRewgEcGYwdzVgDPCDbXxy6vRJjmweZobMQv/oVLppT2JZtJFnPxX6g==
  /@polymer/iron-iconset-svg/3.0.1:
    dependencies:
      '@polymer/iron-meta': 3.0.1
      '@polymer/polymer': 3.3.1
    dev: false
    resolution:
      integrity: sha512-XNwURbNHRw6u2fJe05O5fMYye6GSgDlDqCO+q6K1zAnKIrpgZwf2vTkBd5uCcZwsN0FyCB3mvNZx4jkh85dRDw==
  /@polymer/iron-list/3.0.2:
    dependencies:
      '@polymer/iron-a11y-keys-behavior': 3.0.1
      '@polymer/iron-resizable-behavior': 3.0.1
      '@polymer/iron-scroll-target-behavior': 3.0.1
      '@polymer/polymer': 3.3.1
    dev: false
    resolution:
      integrity: sha512-A6GMTx/4mWxGn3BC6weaXqRC7B0coNjgEoxwVbEcDNwovqntv0aWs5sT9+PI4zvV/syWL5rAESyJDvOxTatoEw==
  /@polymer/iron-media-query/3.0.1:
    dependencies:
      '@polymer/polymer': 3.3.1
    dev: false
    resolution:
      integrity: sha512-czUX1pm1zfmfcZtq5J57XFkcobBv08Y50exp0/3v8Bos5VL/jv2tU0RwiTfDBxUMhjicGbgwEBFQPY2V5DMzyw==
  /@polymer/iron-meta/3.0.1:
    dependencies:
      '@polymer/polymer': 3.3.1
    dev: false
    resolution:
      integrity: sha512-pWguPugiLYmWFV9UWxLWzZ6gm4wBwQdDy4VULKwdHCqR7OP7u98h+XDdGZsSlDPv6qoryV/e3tGHlTIT0mbzJA==
  /@polymer/iron-overlay-behavior/3.0.3:
    dependencies:
      '@polymer/iron-a11y-keys-behavior': 3.0.1
      '@polymer/iron-fit-behavior': 3.0.2
      '@polymer/iron-resizable-behavior': 3.0.1
      '@polymer/polymer': 3.3.1
    dev: false
    resolution:
      integrity: sha512-Q/Fp0+uOQQ145ebZ7T8Cxl4m1tUKYjyymkjcL2rXUm+aDQGb1wA1M1LYxUF5YBqd+9lipE0PTIiYwA2ZL/sznA==
  /@polymer/iron-resizable-behavior/3.0.1:
    dependencies:
      '@polymer/polymer': 3.3.1
    dev: false
    resolution:
      integrity: sha512-FyHxRxFspVoRaeZSWpT3y0C9awomb4tXXolIJcZ7RvXhMP632V5lez+ch5G5SwK0LpnAPkg35eB0LPMFv+YMMQ==
  /@polymer/iron-scroll-target-behavior/3.0.1:
    dependencies:
      '@polymer/polymer': 3.3.1
    dev: false
    resolution:
      integrity: sha512-xg1WanG25BIkQE8rhuReqY9zx1K5M7F+YAIYpswEp5eyDIaZ1Y3vUmVeQ3KG+hiSugzI1M752azXN7kvyhOBcQ==
  /@polymer/polymer/3.3.1:
    dependencies:
      '@webcomponents/shadycss': 1.9.4
    dev: false
    resolution:
      integrity: sha512-8KaB48tzyMjdsHdxo5KvCAaqmTe7rYDzQAoj/pyEfq9Fp4YfUaS+/xqwYj0GbiDAUNzwkmEQ7dw9cgnRNdKO8A==
  /@vaadin/router/1.7.1:
    dependencies:
      '@vaadin/vaadin-usage-statistics': 2.1.0
      path-to-regexp: 2.4.0
    dev: false
    resolution:
      integrity: sha512-tJK0yGy3/q4wCRhaDwuB6t5EyoTxFULNegQhSVxjCkygtVSUWT9YjgLGpWqwSr6XzXCd+lk/EpkpKbtEN6KHRQ==
  /@vaadin/vaadin-accordion/1.0.1:
    dependencies:
      '@polymer/polymer': 3.3.1
      '@vaadin/vaadin-details': 1.0.1
      '@vaadin/vaadin-element-mixin': 2.2.0
      '@vaadin/vaadin-lumo-styles': 1.5.0
      '@vaadin/vaadin-material-styles': 1.2.3
      '@vaadin/vaadin-themable-mixin': 1.5.2
    dev: false
    resolution:
      integrity: sha512-vJ2fkevV0qLTTUZN0k93hwB6cymdm0OucQfJrDexkmrvYUvLc2VMFlynHkfJ0UpTIQM6K0UCSwWNjG4GbW9KEQ==
  /@vaadin/vaadin-app-layout/2.0.4:
    dependencies:
      '@polymer/polymer': 3.3.1
      '@vaadin/vaadin-button': 2.2.2
      '@vaadin/vaadin-element-mixin': 2.2.0
      '@vaadin/vaadin-lumo-styles': 1.5.0
      '@vaadin/vaadin-material-styles': 1.2.3
      '@vaadin/vaadin-themable-mixin': 1.5.2
    dev: false
    resolution:
      integrity: sha512-dDCQv245aBFjwMhJERgQuWJ8pHVPdfKnd4aOmr/o85BDugOWjdSCD7selugVfYjPR07yhjlUtlZFcA8SdoF+ow==
  /@vaadin/vaadin-board/2.1.1:
    dependencies:
      '@polymer/iron-resizable-behavior': 3.0.1
      '@polymer/polymer': 3.3.1
      '@vaadin/vaadin-element-mixin': 2.2.0
      '@vaadin/vaadin-license-checker': 2.1.2
    dev: false
    resolution:
      integrity: sha512-tMG2hvxu0PRVl6Kmd0HCMd0y0LWTOT6Szu6E7SzYnGQFTOOENLvWQ4WHn+euicqcuxCgqxQ1SI5bV9Ru4Eh97w==
  /@vaadin/vaadin-button/2.2.2:
    dependencies:
      '@polymer/polymer': 3.3.1
      '@vaadin/vaadin-control-state-mixin': 2.1.3
      '@vaadin/vaadin-element-mixin': 2.2.0
      '@vaadin/vaadin-lumo-styles': 1.5.0
      '@vaadin/vaadin-material-styles': 1.2.3
      '@vaadin/vaadin-themable-mixin': 1.5.2
    dev: false
    resolution:
      integrity: sha512-FC1+7cTlPByCbcNJGQmWSXroYUNJe5CXSlJcWM1674xjKbeddXpdgD7eEHjfKvMjagT/Ws7s2VUFrTQb/D86vg==
  /@vaadin/vaadin-charts/6.2.4:
    dependencies:
      '@polymer/polymer': 3.3.1
      '@vaadin/vaadin-element-mixin': 2.2.0
      '@vaadin/vaadin-license-checker': 2.1.2
      '@vaadin/vaadin-themable-mixin': 1.5.2
      highcharts: 6.1.4
    dev: false
    resolution:
      integrity: sha512-XDAma7z7qBPOaDTpXdA8CrfJbtWKh3R+5i/AZmuk2DRFsT+zcxFFwbu6s3P2vPvn2RO/1taPNAJHfEuYaPJlXQ==
  /@vaadin/vaadin-checkbox/2.2.13:
    dependencies:
      '@polymer/polymer': 3.3.1
      '@vaadin/vaadin-control-state-mixin': 2.1.3
      '@vaadin/vaadin-element-mixin': 2.2.0
      '@vaadin/vaadin-lumo-styles': 1.5.0
      '@vaadin/vaadin-material-styles': 1.2.3
      '@vaadin/vaadin-themable-mixin': 1.5.2
    dev: false
    resolution:
      integrity: sha512-r0of16oDAimipjgZnDhfmtf5CuZxrJHTvLsticFZ+5E6Wpl+IkCOEMD8fzaxOzsyeR3lmh8qtsnnP3xTIg296Q==
  /@vaadin/vaadin-combo-box/5.0.11:
    dependencies:
      '@polymer/iron-a11y-announcer': 3.0.2
      '@polymer/iron-a11y-keys-behavior': 3.0.1
      '@polymer/iron-list': 3.0.2
      '@polymer/iron-resizable-behavior': 3.0.1
      '@polymer/polymer': 3.3.1
      '@vaadin/vaadin-control-state-mixin': 2.1.3
      '@vaadin/vaadin-element-mixin': 2.2.0
      '@vaadin/vaadin-item': 2.1.1
      '@vaadin/vaadin-lumo-styles': 1.5.0
      '@vaadin/vaadin-material-styles': 1.2.3
      '@vaadin/vaadin-overlay': 3.2.19
      '@vaadin/vaadin-text-field': 2.5.5
      '@vaadin/vaadin-themable-mixin': 1.5.2
    dev: false
    resolution:
      integrity: sha512-vDD4BRMskTMQlZ8Fmd4HE+DvaJ9EO9Vy5UgQtnIo8sfoJykA5aJ0Ei6PlzlbnNQfLvx2gZwWs4BRz9jBjhGLSA==
  /@vaadin/vaadin-confirm-dialog/1.1.6:
    dependencies:
      '@polymer/polymer': 3.3.1
      '@vaadin/vaadin-button': 2.2.2
      '@vaadin/vaadin-dialog': 2.2.1
      '@vaadin/vaadin-element-mixin': 2.2.0
      '@vaadin/vaadin-license-checker': 2.1.2
      '@vaadin/vaadin-lumo-styles': 1.5.0
      '@vaadin/vaadin-material-styles': 1.2.3
      '@vaadin/vaadin-overlay': 3.2.19
      '@vaadin/vaadin-themable-mixin': 1.5.2
    dev: false
    resolution:
      integrity: sha512-7ksSzNPlUaB+0wkZy4mONe8lhpV/X5Vhc46pSO5oZVGqQX0c8dh51yTXBOvNvTLbYbSym+VEyM4+YjUNw+Guyg==
  /@vaadin/vaadin-context-menu/4.3.15:
    dependencies:
      '@polymer/iron-media-query': 3.0.1
      '@polymer/polymer': 3.3.1
      '@vaadin/vaadin-element-mixin': 2.2.0
      '@vaadin/vaadin-item': 2.1.1
      '@vaadin/vaadin-list-box': 1.2.0
      '@vaadin/vaadin-lumo-styles': 1.5.0
      '@vaadin/vaadin-material-styles': 1.2.3
      '@vaadin/vaadin-overlay': 3.2.19
      '@vaadin/vaadin-themable-mixin': 1.5.2
    dev: false
    resolution:
      integrity: sha512-aXyBfFOiLlOTpuaMyIfb0MCWTqb4TUEhWQQi60TQbOlT8rIS/f+OymooME47tp8lVRwH/L2EOokhLTxZ37E1kw==
  /@vaadin/vaadin-control-state-mixin/2.1.3:
    dependencies:
      '@polymer/polymer': 3.3.1
    dev: false
    resolution:
      integrity: sha512-EtLfMN9i/gwToAEuW6E1OA2Q2i/4a+Il6tKkqE/0i7bgu3Xr1IITMcagQn9QSsp1Xkpr/nLtWWKRq7yZZkbHVg==
  /@vaadin/vaadin-cookie-consent/1.1.2:
    dependencies:
      '@polymer/polymer': 3.3.1
      '@vaadin/vaadin-element-mixin': 2.2.0
      '@vaadin/vaadin-license-checker': 2.1.2
      '@vaadin/vaadin-lumo-styles': 1.5.0
      '@vaadin/vaadin-material-styles': 1.2.3
      '@vaadin/vaadin-themable-mixin': 1.5.2
      cookieconsent: 3.1.1
    dev: false
    resolution:
      integrity: sha512-MYT4jy23+oR9eDEuer3N4EtFR4sipxxgO6FGk/6Ewfg0y1ETqIQz7oWju13woZyD6lCMU76s3MpQ7eyfl2XipQ==
  /@vaadin/vaadin-crud/1.1.0:
    dependencies:
      '@polymer/iron-media-query': 3.0.1
      '@polymer/polymer': 3.3.1
      '@vaadin/vaadin-button': 2.2.2
      '@vaadin/vaadin-confirm-dialog': 1.1.6
      '@vaadin/vaadin-dialog': 2.2.1
      '@vaadin/vaadin-element-mixin': 2.2.0
      '@vaadin/vaadin-form-layout': 2.1.7
      '@vaadin/vaadin-grid': 5.5.1
      '@vaadin/vaadin-license-checker': 2.1.2
      '@vaadin/vaadin-lumo-styles': 1.5.0
      '@vaadin/vaadin-material-styles': 1.2.3
      '@vaadin/vaadin-text-field': 2.5.5
      '@vaadin/vaadin-themable-mixin': 1.5.2
    dev: false
    resolution:
      integrity: sha512-h8i4XS0IDO/jf4T8pejSsVkURf/tUelD9toBcP6XvJngUlU+hpCiP/nqfkct1d7beNMc6JdR7eoLzuRVDLhsNw==
  /@vaadin/vaadin-custom-field/1.0.11:
    dependencies:
      '@polymer/polymer': 3.3.1
      '@vaadin/vaadin-element-mixin': 2.2.0
      '@vaadin/vaadin-lumo-styles': 1.5.0
      '@vaadin/vaadin-material-styles': 1.2.3
      '@vaadin/vaadin-themable-mixin': 1.5.2
    dev: false
    resolution:
      integrity: sha512-rDbSBahXAZdTsp4vRVGgwWnQX2gvXDBnmIV5jIDfTpc7GVIpkrd35kM9qUkJzMkTzSq6ewHon9RwbH8n4m+1Wg==
  /@vaadin/vaadin-date-picker/4.0.8:
    dependencies:
      '@polymer/iron-a11y-announcer': 3.0.2
      '@polymer/iron-a11y-keys-behavior': 3.0.1
      '@polymer/iron-media-query': 3.0.1
      '@polymer/iron-resizable-behavior': 3.0.1
      '@polymer/polymer': 3.3.1
      '@vaadin/vaadin-button': 2.2.2
      '@vaadin/vaadin-control-state-mixin': 2.1.3
      '@vaadin/vaadin-element-mixin': 2.2.0
      '@vaadin/vaadin-lumo-styles': 1.5.0
      '@vaadin/vaadin-material-styles': 1.2.3
      '@vaadin/vaadin-overlay': 3.2.19
      '@vaadin/vaadin-text-field': 2.5.5
      '@vaadin/vaadin-themable-mixin': 1.5.2
    dev: false
    resolution:
      integrity: sha512-Xayyfb8JnGK7NZoNNa8k/5GCYGrT3j7A39vATXGzA8BDtNTz+RYHt2+ZB7njDCjjLTE6QAhEZpFfcyIQieLa6g==
  /@vaadin/vaadin-details/1.0.1:
    dependencies:
      '@polymer/polymer': 3.3.1
      '@vaadin/vaadin-control-state-mixin': 2.1.3
      '@vaadin/vaadin-element-mixin': 2.2.0
      '@vaadin/vaadin-lumo-styles': 1.5.0
      '@vaadin/vaadin-material-styles': 1.2.3
      '@vaadin/vaadin-themable-mixin': 1.5.2
    dev: false
    resolution:
      integrity: sha512-Kt3ul/qOUapFhLtejfOtW7lr0qitcQwQTLifsMRuJf6leVsS2Bh/eliFfGL9YuZJpCOByQCrmT8MSB+70pUUYA==
  /@vaadin/vaadin-development-mode-detector/2.0.4:
    dev: false
    resolution:
      integrity: sha512-S+PaFrZpK8uBIOnIHxjntTrgumd5ztuCnZww96ydGKXgo9whXfZsbMwDuD/102a/IuPUMyF+dh/n3PbWzJ6igA==
  /@vaadin/vaadin-dialog/2.2.1:
    dependencies:
      '@polymer/polymer': 3.3.1
      '@vaadin/vaadin-element-mixin': 2.2.0
      '@vaadin/vaadin-lumo-styles': 1.5.0
      '@vaadin/vaadin-material-styles': 1.2.3
      '@vaadin/vaadin-overlay': 3.2.19
      '@vaadin/vaadin-themable-mixin': 1.5.2
    dev: false
    resolution:
      integrity: sha512-OPaXsCdVYWm8wR0c/kJ822SnjHwSi69kpp2zywB9SwvxauHnS/88ZHnJyHT5JunKw1otsHYmEa0Uqc1WYhIkQw==
  /@vaadin/vaadin-element-mixin/2.2.0:
    dependencies:
      '@polymer/polymer': 3.3.1
      '@vaadin/vaadin-development-mode-detector': 2.0.4
      '@vaadin/vaadin-usage-statistics': 2.1.0
    dev: false
    resolution:
      integrity: sha512-8IwH1iSlv3G+1ak08RFg/8smh5zfIANpPZJLLzixW7iBDJaIlWPMzplxnDz5o7GcoYrmpo26e2deKeu4rpEMwg==
  /@vaadin/vaadin-form-layout/2.1.7:
    dependencies:
      '@polymer/iron-resizable-behavior': 3.0.1
      '@polymer/polymer': 3.3.1
      '@vaadin/vaadin-element-mixin': 2.2.0
      '@vaadin/vaadin-lumo-styles': 1.5.0
      '@vaadin/vaadin-material-styles': 1.2.3
      '@vaadin/vaadin-themable-mixin': 1.5.2
    dev: false
    resolution:
      integrity: sha512-sYkHoGFg277VVwW0VJJ5WRo+27wpABmRjdcvpD2mLpcj8OfZINoq+/wB2AqJzjNfh/g24JXmJO4GMsAPZcXnDw==
  /@vaadin/vaadin-grid-pro/2.0.7:
    dependencies:
      '@polymer/polymer': 3.3.1
      '@vaadin/vaadin-checkbox': 2.2.13
      '@vaadin/vaadin-element-mixin': 2.2.0
      '@vaadin/vaadin-grid': 5.5.1
      '@vaadin/vaadin-item': 2.1.1
      '@vaadin/vaadin-license-checker': 2.1.2
      '@vaadin/vaadin-list-box': 1.2.0
      '@vaadin/vaadin-lumo-styles': 1.5.0
      '@vaadin/vaadin-material-styles': 1.2.3
      '@vaadin/vaadin-select': 2.1.7
      '@vaadin/vaadin-text-field': 2.5.5
      '@vaadin/vaadin-themable-mixin': 1.5.2
    dev: false
    resolution:
      integrity: sha512-y3ZtztL4LWjWiM3oZ1goXLmaP4QzF8cQX9ANMhYEkYdDH0D+qbL/maH1lNCDtsMHoQ6FIsDXyXIcLqXM3NxGyg==
  /@vaadin/vaadin-grid/5.5.1:
    dependencies:
      '@polymer/iron-a11y-announcer': 3.0.2
      '@polymer/iron-a11y-keys-behavior': 3.0.1
      '@polymer/iron-resizable-behavior': 3.0.1
      '@polymer/iron-scroll-target-behavior': 3.0.1
      '@polymer/polymer': 3.3.1
      '@vaadin/vaadin-checkbox': 2.2.13
      '@vaadin/vaadin-element-mixin': 2.2.0
      '@vaadin/vaadin-lumo-styles': 1.5.0
      '@vaadin/vaadin-material-styles': 1.2.3
      '@vaadin/vaadin-text-field': 2.5.5
      '@vaadin/vaadin-themable-mixin': 1.5.2
    dev: false
    resolution:
      integrity: sha512-v2UmwFNKIu33BtonWl6XNNQwNrcJdG+5KLKm8uKQ1GDTJEIp2Toq/mHjOfRLpfBqZkEl+doN0bad5jZZ4kKgYA==
  /@vaadin/vaadin-icons/4.3.1:
    dependencies:
      '@polymer/iron-icon': 3.0.1
      '@polymer/iron-iconset-svg': 3.0.1
      '@polymer/polymer': 3.3.1
    dev: false
    resolution:
      integrity: sha512-jeFOXpoId/pemr/JlhF7Z7kL/g7VmaQdqH+I9NZ2lW+IpE6/aapz1N6zPd+hIQs5tq/PWuivy8gKxFW+KxwdJg==
  /@vaadin/vaadin-item/2.1.1:
    dependencies:
      '@polymer/polymer': 3.3.1
      '@vaadin/vaadin-lumo-styles': 1.5.0
      '@vaadin/vaadin-material-styles': 1.2.3
      '@vaadin/vaadin-themable-mixin': 1.5.2
    dev: false
    resolution:
      integrity: sha512-uWwsSDoOtjiiHjmEANP29JMacJoSeO5kHCTYyqdVu0fQoT6WalLV1aQWIEJUmVSp2MnB3qRziYpAw3igF9uXxw==
  /@vaadin/vaadin-license-checker/2.1.2:
    dependencies:
      '@vaadin/vaadin-development-mode-detector': 2.0.4
    dev: false
    resolution:
      integrity: sha512-oD6/MoavXyIZp6NWhkbJD5RKrpiWohhaQpgqjM0bFIthRr+1NoiG5R1w0uY3NIdMDuaXlsUFSQJ/Viz1v7F/jQ==
  /@vaadin/vaadin-list-box/1.2.0:
    dependencies:
      '@polymer/polymer': 3.3.1
      '@vaadin/vaadin-element-mixin': 2.2.0
      '@vaadin/vaadin-item': 2.1.1
      '@vaadin/vaadin-list-mixin': 2.3.1
      '@vaadin/vaadin-lumo-styles': 1.5.0
      '@vaadin/vaadin-material-styles': 1.2.3
      '@vaadin/vaadin-themable-mixin': 1.5.2
    dev: false
    resolution:
      integrity: sha512-RATnbO4EzW1syH4XZs0nrRFw/kshMEs14t/dnWBBNMJIG6PJhbQHLNsHegaQDFb304ClhGvRcVYxa/KYayivHw==
  /@vaadin/vaadin-list-mixin/2.3.1:
    dependencies:
      '@polymer/polymer': 3.3.1
    dev: false
    resolution:
      integrity: sha512-b6VIzGfmUKcynlZ1OBvryzv9/5WFmaE1gGbNCnvB4bv6Vqvh5ZOI8eBAAKYZ3DgnB2hq1cTh5+0pYQvfuh81fw==
  /@vaadin/vaadin-login/1.0.1:
    dependencies:
      '@polymer/polymer': 3.3.1
      '@vaadin/vaadin-button': 2.2.2
      '@vaadin/vaadin-element-mixin': 2.2.0
      '@vaadin/vaadin-lumo-styles': 1.5.0
      '@vaadin/vaadin-material-styles': 1.2.3
      '@vaadin/vaadin-overlay': 3.2.19
      '@vaadin/vaadin-text-field': 2.5.5
      '@vaadin/vaadin-themable-mixin': 1.5.2
    dev: false
    resolution:
      integrity: sha512-DnWgIeEMEop0+KpvXvP18VEuHQdb4KrfRiUUOAcW/gOpEUFXkQXsguGb3wWebvCURanIoCujf3Fcz01ba1liow==
  /@vaadin/vaadin-lumo-styles/1.5.0:
    dependencies:
      '@polymer/iron-icon': 3.0.1
      '@polymer/iron-iconset-svg': 3.0.1
      '@polymer/polymer': 3.3.1
    dev: false
    resolution:
      integrity: sha512-9e9n7rH5IlzsAhRWvBt6C8roXbdNILKyKMJPwbN9I6zsPwzFhG5y2y5IY59Q5Ijj8aXvHuLV+Icjogc+2KU5fg==
  /@vaadin/vaadin-material-styles/1.2.3:
    dependencies:
      '@polymer/polymer': 3.3.1
    dev: false
    resolution:
      integrity: sha512-hWtnfNPANPU3UJmyIXuu2pH8R60LtnUzTZ0o2lupvxyc5IR0qFZMnB1m0xQBdBTje44xxCRaHeJATrwpzsOeMQ==
  /@vaadin/vaadin-menu-bar/1.0.5:
    dependencies:
      '@polymer/iron-resizable-behavior': 3.0.1
      '@polymer/polymer': 3.3.1
      '@vaadin/vaadin-button': 2.2.2
      '@vaadin/vaadin-context-menu': 4.3.15
      '@vaadin/vaadin-element-mixin': 2.2.0
      '@vaadin/vaadin-lumo-styles': 1.5.0
      '@vaadin/vaadin-material-styles': 1.2.3
      '@vaadin/vaadin-themable-mixin': 1.5.2
    dev: false
    resolution:
      integrity: sha512-KCGskX1dfF+Wu8HuXpJtF08BGY9aDB4lVx9rDh32tUOBUZkuQfff+6y3qpLt0gfV+bSrdsW5OHGIOu6K1tKeWA==
  /@vaadin/vaadin-notification/1.4.0:
    dependencies:
      '@polymer/polymer': 3.3.1
      '@vaadin/vaadin-element-mixin': 2.2.0
      '@vaadin/vaadin-lumo-styles': 1.5.0
      '@vaadin/vaadin-material-styles': 1.2.3
      '@vaadin/vaadin-themable-mixin': 1.5.2
    dev: false
    resolution:
      integrity: sha512-dAQGCNLBdQ/iFv3TfwmHC17zU7gnLNveePsRY20Nhwlo9P7rJAKI/y+CiEpAXbOsd5U+pTNFId5MW9LwzPGl/A==
  /@vaadin/vaadin-ordered-layout/1.1.0:
    dependencies:
      '@polymer/polymer': 3.3.1
      '@vaadin/vaadin-element-mixin': 2.2.0
      '@vaadin/vaadin-lumo-styles': 1.5.0
      '@vaadin/vaadin-material-styles': 1.2.3
      '@vaadin/vaadin-themable-mixin': 1.5.2
    dev: false
    resolution:
      integrity: sha512-ln3dXms/JmKCYu4sTc/xANxF13V8S6A1f/0xKvohYOEU5fRvq7suc8SR7GesyfXouF40kbFJ49sqTquK9TP95A==
  /@vaadin/vaadin-overlay/3.2.19:
    dependencies:
      '@polymer/polymer': 3.3.1
      '@vaadin/vaadin-lumo-styles': 1.5.0
      '@vaadin/vaadin-material-styles': 1.2.3
      '@vaadin/vaadin-themable-mixin': 1.5.2
    dev: false
    resolution:
      integrity: sha512-cv5QhU+8gP+u8h3axMDMNwh6Ar3JU6CpH7RiV0AChrpq2YtR8Dp1VuE/xcakrEmQnYTDUgwtzui0pY8Rp+CTIg==
  /@vaadin/vaadin-progress-bar/1.1.2:
    dependencies:
      '@polymer/polymer': 3.3.1
      '@vaadin/vaadin-element-mixin': 2.2.0
      '@vaadin/vaadin-lumo-styles': 1.5.0
      '@vaadin/vaadin-material-styles': 1.2.3
      '@vaadin/vaadin-themable-mixin': 1.5.2
    dev: false
    resolution:
      integrity: sha512-/qQPn4tlGKjjrP+0SIqqrDk/We8+gLM635EXEzhKwoioFf/j1G7bpamkHB5dYHb38RqHDoeclLcNi+Uy8JF9NQ==
  /@vaadin/vaadin-radio-button/1.2.6:
    dependencies:
      '@polymer/polymer': 3.3.1
      '@vaadin/vaadin-control-state-mixin': 2.1.3
      '@vaadin/vaadin-element-mixin': 2.2.0
      '@vaadin/vaadin-lumo-styles': 1.5.0
      '@vaadin/vaadin-material-styles': 1.2.3
      '@vaadin/vaadin-themable-mixin': 1.5.2
    dev: false
    resolution:
      integrity: sha512-IgsFmY9gJ+49Hnn5Jpo1zTySpRwmRn2LfzFO9McBA0RAR/kQf552MdMflviW1KIiRIDybZ3VaFtrNneGbNoVhg==
  /@vaadin/vaadin-rich-text-editor/1.1.1:
    dependencies:
      '@polymer/polymer': 3.3.1
      '@vaadin/vaadin-button': 2.2.2
      '@vaadin/vaadin-confirm-dialog': 1.1.6
      '@vaadin/vaadin-element-mixin': 2.2.0
      '@vaadin/vaadin-license-checker': 2.1.2
      '@vaadin/vaadin-lumo-styles': 1.5.0
      '@vaadin/vaadin-material-styles': 1.2.3
      '@vaadin/vaadin-text-field': 2.5.5
      '@vaadin/vaadin-themable-mixin': 1.5.2
    dev: false
    resolution:
      integrity: sha512-yeelvYAv2oDqF6Yzdc2oHMU2SB64BeIaWtZYKyCSdm1vH7PtSwgiFTeNvMqTl9UhR3XMR6Tryz3E6fwGiAYfcg==
  /@vaadin/vaadin-select/2.1.7:
    dependencies:
      '@polymer/iron-media-query': 3.0.1
      '@polymer/iron-resizable-behavior': 3.0.1
      '@polymer/polymer': 3.3.1
      '@vaadin/vaadin-control-state-mixin': 2.1.3
      '@vaadin/vaadin-element-mixin': 2.2.0
      '@vaadin/vaadin-item': 2.1.1
      '@vaadin/vaadin-list-box': 1.2.0
      '@vaadin/vaadin-list-mixin': 2.3.1
      '@vaadin/vaadin-lumo-styles': 1.5.0
      '@vaadin/vaadin-material-styles': 1.2.3
      '@vaadin/vaadin-overlay': 3.2.19
      '@vaadin/vaadin-text-field': 2.5.5
      '@vaadin/vaadin-themable-mixin': 1.5.2
    dev: false
    resolution:
      integrity: sha512-FHjaLZSl7/Pbe22y/umDBg3jgm0qRik2uH1P1xABfk0pnAke3CdNCbxXEQBqdr1SjLk3Mk0lPC+XJLkCGUNIHQ==
  /@vaadin/vaadin-shrinkwrap/15.0.4:
    dependencies:
      '@polymer/iron-a11y-announcer': 3.0.2
      '@polymer/iron-a11y-keys-behavior': 3.0.1
      '@polymer/iron-fit-behavior': 3.0.2
      '@polymer/iron-flex-layout': 3.0.1
      '@polymer/iron-icon': 3.0.1
      '@polymer/iron-iconset-svg': 3.0.1
      '@polymer/iron-list': 3.0.2
      '@polymer/iron-media-query': 3.0.1
      '@polymer/iron-meta': 3.0.1
      '@polymer/iron-overlay-behavior': 3.0.3
      '@polymer/iron-resizable-behavior': 3.0.1
      '@polymer/iron-scroll-target-behavior': 3.0.1
      '@vaadin/router': 1.7.1
      '@vaadin/vaadin-accordion': 1.0.1
      '@vaadin/vaadin-app-layout': 2.0.4
      '@vaadin/vaadin-board': 2.1.1
      '@vaadin/vaadin-button': 2.2.2
      '@vaadin/vaadin-charts': 6.2.4
      '@vaadin/vaadin-checkbox': 2.2.13
      '@vaadin/vaadin-combo-box': 5.0.11
      '@vaadin/vaadin-confirm-dialog': 1.1.6
      '@vaadin/vaadin-context-menu': 4.3.15
      '@vaadin/vaadin-control-state-mixin': 2.1.3
      '@vaadin/vaadin-cookie-consent': 1.1.2
      '@vaadin/vaadin-crud': 1.1.0
      '@vaadin/vaadin-custom-field': 1.0.11
      '@vaadin/vaadin-date-picker': 4.0.8
      '@vaadin/vaadin-details': 1.0.1
      '@vaadin/vaadin-development-mode-detector': 2.0.4
      '@vaadin/vaadin-dialog': 2.2.1
      '@vaadin/vaadin-element-mixin': 2.2.0
      '@vaadin/vaadin-form-layout': 2.1.7
      '@vaadin/vaadin-grid': 5.5.1
      '@vaadin/vaadin-grid-pro': 2.0.7
      '@vaadin/vaadin-icons': 4.3.1
      '@vaadin/vaadin-item': 2.1.1
      '@vaadin/vaadin-list-box': 1.2.0
      '@vaadin/vaadin-list-mixin': 2.3.1
      '@vaadin/vaadin-login': 1.0.1
      '@vaadin/vaadin-lumo-styles': 1.5.0
      '@vaadin/vaadin-material-styles': 1.2.3
      '@vaadin/vaadin-menu-bar': 1.0.5
      '@vaadin/vaadin-notification': 1.4.0
      '@vaadin/vaadin-ordered-layout': 1.1.0
      '@vaadin/vaadin-overlay': 3.2.19
      '@vaadin/vaadin-progress-bar': 1.1.2
      '@vaadin/vaadin-radio-button': 1.2.6
      '@vaadin/vaadin-rich-text-editor': 1.1.1
      '@vaadin/vaadin-select': 2.1.7
      '@vaadin/vaadin-split-layout': 4.1.1
      '@vaadin/vaadin-tabs': 3.0.5
      '@vaadin/vaadin-text-field': 2.5.5
      '@vaadin/vaadin-themable-mixin': 1.5.2
      '@vaadin/vaadin-time-picker': 2.0.7
      '@vaadin/vaadin-upload': 4.2.2
      '@vaadin/vaadin-usage-statistics': 2.1.0
      '@webcomponents/shadycss': 1.9.4
    dev: false
    resolution:
      integrity: sha512-L1QhPSElHFn3q/mrvuWvcHx5nvS8U8VAPV32uqHUINMU1XbYq9McI895CuAiKrNoVfDpo9vc+Tt0D10Xhpkf+A==
  /@vaadin/vaadin-split-layout/4.1.1:
    dependencies:
      '@polymer/iron-resizable-behavior': 3.0.1
      '@polymer/polymer': 3.3.1
      '@vaadin/vaadin-element-mixin': 2.2.0
      '@vaadin/vaadin-lumo-styles': 1.5.0
      '@vaadin/vaadin-material-styles': 1.2.3
      '@vaadin/vaadin-themable-mixin': 1.5.2
    dev: false
    resolution:
      integrity: sha512-NEwLeRceSY3chX/TzbKMyJA/YuWnr3KbAyStepDGvZDted3ovDNEpwFmzBOqbtS95bwF2ZrsFLXbHbrt9B22SQ==
  /@vaadin/vaadin-tabs/3.0.5:
    dependencies:
      '@polymer/iron-resizable-behavior': 3.0.1
      '@polymer/polymer': 3.3.1
      '@vaadin/vaadin-element-mixin': 2.2.0
      '@vaadin/vaadin-item': 2.1.1
      '@vaadin/vaadin-list-mixin': 2.3.1
      '@vaadin/vaadin-lumo-styles': 1.5.0
      '@vaadin/vaadin-material-styles': 1.2.3
      '@vaadin/vaadin-themable-mixin': 1.5.2
    dev: false
    resolution:
      integrity: sha512-ptCOJFwV3TN/csD0TRdr24tAIFyb/IuV8py3jcoMbgMwS3QiwOcpiQ+WRKoVCr87d8wBbIPN7CQ2bopFyYbCpA==
  /@vaadin/vaadin-text-field/2.5.5:
    dependencies:
      '@polymer/polymer': 3.3.1
      '@vaadin/vaadin-control-state-mixin': 2.1.3
      '@vaadin/vaadin-element-mixin': 2.2.0
      '@vaadin/vaadin-lumo-styles': 1.5.0
      '@vaadin/vaadin-material-styles': 1.2.3
      '@vaadin/vaadin-themable-mixin': 1.5.2
    dev: false
    resolution:
      integrity: sha512-y/g6d3l7oPJOwmrpEqEeF/+6LRlEXMS4bOrtvot8DWzAlybT6mFvcTjc5jt3v/JMi8pJNOkYy8Y8Uhlj08h3GA==
  /@vaadin/vaadin-themable-mixin/1.5.2:
    dependencies:
      '@polymer/polymer': 3.3.1
      lit-element: 2.3.1
    dev: false
    resolution:
      integrity: sha512-3EsVOhE5lo/nRyX27+nOyPNsV5TtKInTKirldUqucGZZtcyWT4ZxqAxswIz3bAolnb17UDb8eJKHOH6ERMLEhg==
  /@vaadin/vaadin-time-picker/2.0.7:
    dependencies:
      '@polymer/iron-a11y-keys-behavior': 3.0.1
      '@polymer/polymer': 3.3.1
      '@vaadin/vaadin-combo-box': 5.0.11
      '@vaadin/vaadin-control-state-mixin': 2.1.3
      '@vaadin/vaadin-element-mixin': 2.2.0
      '@vaadin/vaadin-lumo-styles': 1.5.0
      '@vaadin/vaadin-material-styles': 1.2.3
      '@vaadin/vaadin-text-field': 2.5.5
      '@vaadin/vaadin-themable-mixin': 1.5.2
    dev: false
    resolution:
      integrity: sha512-vLd132NZgYLe3k4d/iyAEfLEqH/J6VX1IVXUGmDNGR1YLX1Upjxpb/5UMDZcymg7dD5CEEvjvAept4fqAmKa5Q==
  /@vaadin/vaadin-upload/4.2.2:
    dependencies:
      '@polymer/polymer': 3.3.1
      '@vaadin/vaadin-button': 2.2.2
      '@vaadin/vaadin-element-mixin': 2.2.0
      '@vaadin/vaadin-lumo-styles': 1.5.0
      '@vaadin/vaadin-material-styles': 1.2.3
      '@vaadin/vaadin-progress-bar': 1.1.2
      '@vaadin/vaadin-themable-mixin': 1.5.2
    dev: false
    resolution:
      integrity: sha512-0boE0vYMgayIlhRbY614JhAzr1YULW7JDKyvF3BgHcH0STSYGXet1SQscPhwNmGse3tEb1uHoBWYe2V64d8POw==
  /@vaadin/vaadin-usage-statistics/2.1.0:
    dependencies:
      '@vaadin/vaadin-development-mode-detector': 2.0.4
    dev: false
    requiresBuild: true
    resolution:
      integrity: sha512-e81nbqY5zsaYhLJuOVkJkB/Um1pGK5POIqIlTNhUfjeoyGaJ63tiX8+D5n6F+GgVxUTLUarsKa6SKRcQel0AzA==
  /@webcomponents/shadycss/1.9.4:
    dev: false
    resolution:
      integrity: sha512-tgNcVEaKssyeZPbUBjVQf4aryO5Fi7fxRvOxV982ZJuRVDcefmIblBh0SXAbcvAAlQ2zpNEP4SuQUnr8uApIpw==
  /cookieconsent/3.1.1:
    dev: false
    resolution:
      integrity: sha512-v8JWLJcI7Zs9NWrs8hiVldVtm3EBF70TJI231vxn6YToBGj0c9dvdnYwltydkAnrbBMOM/qX1xLFrnTfm5wTag==
  /highcharts/6.1.4:
    dev: false
    resolution:
      integrity: sha512-m7uK2dvDmop4wAgB7RQjODS894HqNrxRUJh+Px7n1PsNyb7+aO22cRxx2rhvjmy1R8Q3Tf5I03AbjN5oAYyWSw==
  /lit-element/2.3.1:
    dependencies:
      lit-html: 1.2.1
    dev: false
    resolution:
      integrity: sha512-tOcUAmeO3BzwiQ7FGWdsshNvC0HVHcTFYw/TLIImmKwXYoV0E7zCBASa8IJ7DiP4cen/Yoj454gS0qqTnIGsFA==
  /lit-html/1.2.1:
    dev: false
    resolution:
      integrity: sha512-GSJHHXMGLZDzTRq59IUfL9FCdAlGfqNp/dEa7k7aBaaWD+JKaCjsAk9KYm2V12ItonVaYx2dprN66Zdm1AuBTQ==
  /path-to-regexp/2.4.0:
    dev: false
    resolution:
      integrity: sha512-G6zHoVqC6GGTQkZwF4lkuEyMbVOjoBKAEybQUypI1WTkqinCOrq2x6U2+phkJ1XsEMTy4LjtwPI7HW+NVrRR2w==
specifiers:
  '@vaadin/vaadin-element-mixin': 2.2.0
  '@vaadin/vaadin-shrinkwrap': 15.0.4
